{
  "name": "git-lfs-lambda-api",
  "version": "1.0.0",
  "lockfileVersion": 1,
  "requires": true,
  "dependencies": {
    "kpromise": {
      "version": "1.0.1",
      "resolved": "https://registry.npmjs.org/kpromise/-/kpromise-1.0.1.tgz",
      "integrity": "sha512-j5NQWhCFIaO43xFCxV9xX0fpm3xaIg8J7zskGGRW4YSiDViEY8AgsAXLqswnor6IkSr455aCJRnOz7GogfvM1A=="
    }
  }
}
